{
  "originHash" : "a03c3317ff2a6e8f25308ea23ef0de90f68a27d10c896a6ca414f3b104bef32c",
  "pins" : [
    {
      "identity" : "wweventsource",
      "kind" : "remoteSourceControl",
      "location" : "https://github.com/William-Weng/WWEventSource",
      "state" : {
        "revision" : "20972ae24aeb644da1f4d1464149163e7e35b3fa",
        "version" : "1.3.0"
      }
    },
    {
      "identity" : "wwregularexpression",
      "kind" : "remoteSourceControl",
      "location" : "https://github.com/William-Weng/WWRegularExpression",
      "state" : {
        "revision" : "5bc5c03259ed28b4c5c6899458fde6ac4d665794",
        "version" : "1.0.1"
      }
    }
  ],
  "version" : 3
}
